{
  "name": "@kaiord/core",
  "version": "0.1.0",
  "lockfileVersion": 3,
  "requires": true,
  "packages": {
    "": {
      "name": "@kaiord/core",
      "version": "0.1.0",
      "dependencies": {
        "@garmin/fitsdk": "^21.141.0",
        "zod": "^3.22.4",
        "zod-to-json-schema": "^3.22.4"
      },
      "devDependencies": {
        "@faker-js/faker": "^8.4.0",
        "@types/node": "^20.11.0",
        "@types/rosie": "^0.0.45",
        "@vitest/coverage-v8": "^1.2.0",
        "rosie": "^2.1.1",
        "tsup": "^8.0.1",
        "typescript": "^5.3.3",
        "vitest": "^1.2.0"
      }
    },
    "../../node_modules/.pnpm/@faker-js+faker@8.4.1/node_modules/@faker-js/faker": {
      "version": "8.4.1",
      "dev": true,
      "funding": [
        {
          "type": "opencollective",
          "url": "https://opencollective.com/fakerjs"
        }
      ],
      "license": "MIT",
      "devDependencies": {
        "@actions/github": "~6.0.0",
        "@algolia/client-search": "~4.22.1",
        "@eslint-types/deprecation": "2.0.0-1",
        "@eslint-types/jsdoc": "~48.0.4",
        "@eslint-types/prettier": "5.1.3",
        "@eslint-types/typescript-eslint": "~6.19.1",
        "@eslint-types/unicorn": "~50.0.1",
        "@types/markdown-it": "~13.0.7",
        "@types/node": "~20.11.16",
        "@types/sanitize-html": "~2.11.0",
        "@types/semver": "~7.5.6",
        "@types/validator": "~13.11.8",
        "@typescript-eslint/eslint-plugin": "~6.21.0",
        "@typescript-eslint/parser": "~6.21.0",
        "@vitest/coverage-v8": "~0.34.6",
        "@vitest/ui": "~0.34.7",
        "@vueuse/core": "~10.7.2",
        "conventional-changelog-cli": "~4.1.0",
        "cypress": "~13.6.4",
        "esbuild": "~0.20.0",
        "eslint": "~8.56.0",
        "eslint-config-prettier": "~9.1.0",
        "eslint-define-config": "~2.1.0",
        "eslint-gitignore": "~0.1.0",
        "eslint-plugin-deprecation": "~2.0.0",
        "eslint-plugin-jsdoc": "~48.0.5",
        "eslint-plugin-prettier": "~5.1.3",
        "eslint-plugin-unicorn": "~50.0.1",
        "eslint-plugin-vitest": "~0.3.21",
        "glob": "~10.3.10",
        "npm-run-all2": "~6.1.2",
        "prettier": "3.2.5",
        "prettier-plugin-organize-imports": "~3.2.4",
        "rimraf": "~5.0.5",
        "sanitize-html": "~2.11.0",
        "semver": "~7.6.0",
        "standard-version": "~9.5.0",
        "tsx": "~3.13.0",
        "typedoc": "~0.25.7",
        "typescript": "~4.9.5",
        "validator": "~13.11.0",
        "vite": "~4.5.2",
        "vitepress": "1.0.0-rc.39",
        "vitest": "~0.34.6",
        "vue": "~3.4.15"
      },
      "engines": {
        "node": "^14.17.0 || ^16.13.0 || >=18.0.0",
        "npm": ">=6.14.13"
      }
    },
    "../../node_modules/.pnpm/@garmin+fitsdk@21.178.0/node_modules/@garmin/fitsdk": {
      "version": "21.178.0",
      "license": "SEE LICENSE IN LICENSE.txt",
      "devDependencies": {
        "vitest": "^2.1.8"
      }
    },
    "../../node_modules/.pnpm/@types+node@20.19.25/node_modules/@types/node": {
      "version": "20.19.25",
      "dev": true,
      "license": "MIT",
      "dependencies": {
        "undici-types": "~6.21.0"
      }
    },
    "../../node_modules/.pnpm/@vitest+coverage-v8@1.6.1_vitest@1.6.1/node_modules/@vitest/coverage-v8": {
      "version": "1.6.1",
      "dev": true,
      "license": "MIT",
      "dependencies": {
        "@ampproject/remapping": "^2.2.1",
        "@bcoe/v8-coverage": "^0.2.3",
        "debug": "^4.3.4",
        "istanbul-lib-coverage": "^3.2.2",
        "istanbul-lib-report": "^3.0.1",
        "istanbul-lib-source-maps": "^5.0.4",
        "istanbul-reports": "^3.1.6",
        "magic-string": "^0.30.5",
        "magicast": "^0.3.3",
        "picocolors": "^1.0.0",
        "std-env": "^3.5.0",
        "strip-literal": "^2.0.0",
        "test-exclude": "^6.0.0"
      },
      "devDependencies": {
        "@types/debug": "^4.1.12",
        "@types/istanbul-lib-coverage": "^2.0.6",
        "@types/istanbul-lib-report": "^3.0.3",
        "@types/istanbul-lib-source-maps": "^4.0.4",
        "@types/istanbul-reports": "^3.0.4",
        "pathe": "^1.1.1",
        "v8-to-istanbul": "^9.2.0",
        "vite-node": "1.6.1",
        "vitest": "1.6.1"
      },
      "funding": {
        "url": "https://opencollective.com/vitest"
      },
      "peerDependencies": {
        "vitest": "1.6.1"
      }
    },
    "../../node_modules/.pnpm/rosie@2.1.1/node_modules/rosie": {
      "version": "2.1.1",
      "dev": true,
      "license": "MIT",
      "devDependencies": {
        "eslint": "^8.29.0",
        "eslint-config-prettier": "^8.5.0",
        "eslint-plugin-jest": "^27.1.6",
        "jest": "^29.3.1",
        "prettier": "^2.8.0",
        "prettier-check": "^2.0.0"
      },
      "engines": {
        "node": ">=10"
      }
    },
    "../../node_modules/.pnpm/tsup@8.5.0_typescript@5.9.3/node_modules/tsup": {
      "version": "8.5.0",
      "dev": true,
      "license": "MIT",
      "dependencies": {
        "bundle-require": "^5.1.0",
        "cac": "^6.7.14",
        "chokidar": "^4.0.3",
        "consola": "^3.4.0",
        "debug": "^4.4.0",
        "esbuild": "^0.25.0",
        "fix-dts-default-cjs-exports": "^1.0.0",
        "joycon": "^3.1.1",
        "picocolors": "^1.1.1",
        "postcss-load-config": "^6.0.1",
        "resolve-from": "^5.0.0",
        "rollup": "^4.34.8",
        "source-map": "0.8.0-beta.0",
        "sucrase": "^3.35.0",
        "tinyexec": "^0.3.2",
        "tinyglobby": "^0.2.11",
        "tree-kill": "^1.2.2"
      },
      "bin": {
        "tsup": "dist/cli-default.js",
        "tsup-node": "dist/cli-node.js"
      },
      "devDependencies": {
        "@microsoft/api-extractor": "^7.50.0",
        "@rollup/plugin-json": "6.1.0",
        "@swc/core": "1.10.18",
        "@types/debug": "4.1.12",
        "@types/node": "22.13.4",
        "@types/resolve": "1.20.6",
        "bumpp": "^10.0.3",
        "flat": "6.0.1",
        "postcss": "8.5.2",
        "postcss-simple-vars": "7.0.1",
        "prettier": "3.5.1",
        "resolve": "1.22.10",
        "rollup-plugin-dts": "6.1.1",
        "sass": "1.85.0",
        "strip-json-comments": "5.0.1",
        "svelte": "5.19.9",
        "svelte-preprocess": "6.0.3",
        "terser": "^5.39.0",
        "ts-essentials": "10.0.4",
        "tsup": "8.3.6",
        "typescript": "5.7.3",
        "vitest": "3.0.6",
        "wait-for-expect": "3.0.2"
      },
      "engines": {
        "node": ">=18"
      },
      "peerDependencies": {
        "@microsoft/api-extractor": "^7.36.0",
        "@swc/core": "^1",
        "postcss": "^8.4.12",
        "typescript": ">=4.5.0"
      },
      "peerDependenciesMeta": {
        "@microsoft/api-extractor": {
          "optional": true
        },
        "@swc/core": {
          "optional": true
        },
        "postcss": {
          "optional": true
        },
        "typescript": {
          "optional": true
        }
      }
    },
    "../../node_modules/.pnpm/typescript@5.9.3/node_modules/typescript": {
      "version": "5.9.3",
      "dev": true,
      "license": "Apache-2.0",
      "bin": {
        "tsc": "bin/tsc",
        "tsserver": "bin/tsserver"
      },
      "devDependencies": {
        "@dprint/formatter": "^0.4.1",
        "@dprint/typescript": "0.93.4",
        "@esfx/canceltoken": "^1.0.0",
        "@eslint/js": "^9.20.0",
        "@octokit/rest": "^21.1.1",
        "@types/chai": "^4.3.20",
        "@types/diff": "^7.0.1",
        "@types/minimist": "^1.2.5",
        "@types/mocha": "^10.0.10",
        "@types/ms": "^0.7.34",
        "@types/node": "latest",
        "@types/source-map-support": "^0.5.10",
        "@types/which": "^3.0.4",
        "@typescript-eslint/rule-tester": "^8.24.1",
        "@typescript-eslint/type-utils": "^8.24.1",
        "@typescript-eslint/utils": "^8.24.1",
        "azure-devops-node-api": "^14.1.0",
        "c8": "^10.1.3",
        "chai": "^4.5.0",
        "chokidar": "^4.0.3",
        "diff": "^7.0.0",
        "dprint": "^0.49.0",
        "esbuild": "^0.25.0",
        "eslint": "^9.20.1",
        "eslint-formatter-autolinkable-stylish": "^1.4.0",
        "eslint-plugin-regexp": "^2.7.0",
        "fast-xml-parser": "^4.5.2",
        "glob": "^10.4.5",
        "globals": "^15.15.0",
        "hereby": "^1.10.0",
        "jsonc-parser": "^3.3.1",
        "knip": "^5.44.4",
        "minimist": "^1.2.8",
        "mocha": "^10.8.2",
        "mocha-fivemat-progress-reporter": "^0.1.0",
        "monocart-coverage-reports": "^2.12.1",
        "ms": "^2.1.3",
        "picocolors": "^1.1.1",
        "playwright": "^1.50.1",
        "source-map-support": "^0.5.21",
        "tslib": "^2.8.1",
        "typescript": "^5.7.3",
        "typescript-eslint": "^8.24.1",
        "which": "^3.0.1"
      },
      "engines": {
        "node": ">=14.17"
      }
    },
    "../../node_modules/.pnpm/vitest@1.6.1_@types+node@20.19.25/node_modules/vitest": {
      "version": "1.6.1",
      "dev": true,
      "license": "MIT",
      "dependencies": {
        "@vitest/expect": "1.6.1",
        "@vitest/runner": "1.6.1",
        "@vitest/snapshot": "1.6.1",
        "@vitest/spy": "1.6.1",
        "@vitest/utils": "1.6.1",
        "acorn-walk": "^8.3.2",
        "chai": "^4.3.10",
        "debug": "^4.3.4",
        "execa": "^8.0.1",
        "local-pkg": "^0.5.0",
        "magic-string": "^0.30.5",
        "pathe": "^1.1.1",
        "picocolors": "^1.0.0",
        "std-env": "^3.5.0",
        "strip-literal": "^2.0.0",
        "tinybench": "^2.5.1",
        "tinypool": "^0.8.3",
        "vite": "^5.0.0",
        "vite-node": "1.6.1",
        "why-is-node-running": "^2.2.2"
      },
      "bin": {
        "vitest": "vitest.mjs"
      },
      "devDependencies": {
        "@ampproject/remapping": "^2.2.1",
        "@antfu/install-pkg": "^0.3.1",
        "@edge-runtime/vm": "^3.1.8",
        "@sinonjs/fake-timers": "11.1.0",
        "@types/estree": "^1.0.5",
        "@types/istanbul-lib-coverage": "^2.0.6",
        "@types/istanbul-reports": "^3.0.4",
        "@types/jsdom": "^21.1.6",
        "@types/micromatch": "^4.0.6",
        "@types/node": "^20.11.5",
        "@types/prompts": "^2.4.9",
        "@types/sinonjs__fake-timers": "^8.1.5",
        "birpc": "0.2.15",
        "cac": "^6.7.14",
        "chai-subset": "^1.6.0",
        "cli-truncate": "^4.0.0",
        "expect-type": "^0.17.3",
        "fast-glob": "^3.3.2",
        "find-up": "^6.3.0",
        "flatted": "^3.2.9",
        "get-tsconfig": "^4.7.3",
        "happy-dom": "^14.3.10",
        "jsdom": "^24.0.0",
        "log-update": "^5.0.1",
        "micromatch": "^4.0.5",
        "p-limit": "^5.0.0",
        "pretty-format": "^29.7.0",
        "prompts": "^2.4.2",
        "strip-ansi": "^7.1.0",
        "ws": "^8.14.2"
      },
      "engines": {
        "node": "^18.0.0 || >=20.0.0"
      },
      "funding": {
        "url": "https://opencollective.com/vitest"
      },
      "peerDependencies": {
        "@edge-runtime/vm": "*",
        "@types/node": "^18.0.0 || >=20.0.0",
        "@vitest/browser": "1.6.1",
        "@vitest/ui": "1.6.1",
        "happy-dom": "*",
        "jsdom": "*"
      },
      "peerDependenciesMeta": {
        "@edge-runtime/vm": {
          "optional": true
        },
        "@types/node": {
          "optional": true
        },
        "@vitest/browser": {
          "optional": true
        },
        "@vitest/ui": {
          "optional": true
        },
        "happy-dom": {
          "optional": true
        },
        "jsdom": {
          "optional": true
        }
      }
    },
    "../../node_modules/.pnpm/zod-to-json-schema@3.24.6_zod@3.25.76/node_modules/zod-to-json-schema": {
      "version": "3.24.6",
      "license": "ISC",
      "devDependencies": {
        "@types/json-schema": "^7.0.9",
        "@types/node": "^20.9.0",
        "ajv": "^8.6.3",
        "ajv-errors": "^3.0.0",
        "ajv-formats": "^2.1.1",
        "fast-diff": "^1.3.0",
        "local-ref-resolver": "^0.2.0",
        "rimraf": "^3.0.2",
        "tsx": "^4.19.0",
        "typescript": "^5.1.3",
        "zod": "^3.24.1"
      },
      "peerDependencies": {
        "zod": "^3.24.1"
      }
    },
    "../../node_modules/.pnpm/zod@3.25.76/node_modules/zod": {
      "version": "3.25.76",
      "license": "MIT",
      "funding": {
        "url": "https://github.com/sponsors/colinhacks"
      }
    },
    "node_modules/@faker-js/faker": {
      "resolved": "../../node_modules/.pnpm/@faker-js+faker@8.4.1/node_modules/@faker-js/faker",
      "link": true
    },
    "node_modules/@garmin/fitsdk": {
      "resolved": "../../node_modules/.pnpm/@garmin+fitsdk@21.178.0/node_modules/@garmin/fitsdk",
      "link": true
    },
    "node_modules/@types/node": {
      "resolved": "../../node_modules/.pnpm/@types+node@20.19.25/node_modules/@types/node",
      "link": true
    },
    "node_modules/@types/rosie": {
      "version": "0.0.45",
      "resolved": "https://registry.npmjs.org/@types/rosie/-/rosie-0.0.45.tgz",
      "integrity": "sha512-t3ZEJ4xIE5CaJnsWcU+nY8R7rhvIEfX2xHNpvK6mA+CwUyvYJJ7SdU+pIodqTv0w4I0cBCWuJ4wzmwZOsjZdOg==",
      "dev": true,
      "license": "MIT"
    },
    "node_modules/@vitest/coverage-v8": {
      "resolved": "../../node_modules/.pnpm/@vitest+coverage-v8@1.6.1_vitest@1.6.1/node_modules/@vitest/coverage-v8",
      "link": true
    },
    "node_modules/rosie": {
      "resolved": "../../node_modules/.pnpm/rosie@2.1.1/node_modules/rosie",
      "link": true
    },
    "node_modules/tsup": {
      "resolved": "../../node_modules/.pnpm/tsup@8.5.0_typescript@5.9.3/node_modules/tsup",
      "link": true
    },
    "node_modules/typescript": {
      "resolved": "../../node_modules/.pnpm/typescript@5.9.3/node_modules/typescript",
      "link": true
    },
    "node_modules/vitest": {
      "resolved": "../../node_modules/.pnpm/vitest@1.6.1_@types+node@20.19.25/node_modules/vitest",
      "link": true
    },
    "node_modules/zod": {
      "resolved": "../../node_modules/.pnpm/zod@3.25.76/node_modules/zod",
      "link": true
    },
    "node_modules/zod-to-json-schema": {
      "resolved": "../../node_modules/.pnpm/zod-to-json-schema@3.24.6_zod@3.25.76/node_modules/zod-to-json-schema",
      "link": true
    }
  }
}
